
Microsoft Visual Studio Solution File, Format Version 12.00
# Visual Studio Version 16
VisualStudioVersion = 16.0.29025.244
MinimumVisualStudioVersion = 10.0.40219.1
Project("{FAE04EC0-301F-11D3-BF4B-00C04F79EFBC}") = "Fabrika Uygulamasi", "Fabrika Uygulamasi\Fabrika Uygulamasi.csproj", "{BB9A9FA2-F65F-44D7-B318-587A42E3C5DA}"
EndProject
Global
	GlobalSection(SolutionConfigurationPlatforms) = preSolution
		Debug|Any CPU = Debug|Any CPU
		Release|Any CPU = Release|Any CPU
	EndGlobalSection
	GlobalSection(ProjectConfigurationPlatforms) = postSolution
		{BB9A9FA2-F65F-44D7-B318-587A42E3C5DA}.Debug|Any CPU.ActiveCfg = Debug|Any CPU
		{BB9A9FA2-F65F-44D7-B318-587A42E3C5DA}.Debug|Any CPU.Build.0 = Debug|Any CPU
		{BB9A9FA2-F65F-44D7-B318-587A42E3C5DA}.Release|Any CPU.ActiveCfg = Release|Any CPU
		{BB9A9FA2-F65F-44D7-B318-587A42E3C5DA}.Release|Any CPU.Build.0 = Release|Any CPU
	EndGlobalSection
	GlobalSection(SolutionProperties) = preSolution
		HideSolutionNode = FALSE
	EndGlobalSection
	GlobalSection(ExtensibilityGlobals) = postSolution
		SolutionGuid = {4353549D-EA4A-4CFF-AD78-EC297108FC3D}
	EndGlobalSection
EndGlobal
