
Microsoft Visual Studio Solution File, Format Version 12.00
# Visual Studio Version 16
VisualStudioVersion = 16.0.29025.244
MinimumVisualStudioVersion = 10.0.40219.1
Project("{FAE04EC0-301F-11D3-BF4B-00C04F79EFBC}") = "Ayakkabi Firmasi", "Ayakkabi Firmasi\Ayakkabi Firmasi.csproj", "{E1BFE7FB-5B82-41D3-ACBD-F65C7E51D2B6}"
EndProject
Global
	GlobalSection(SolutionConfigurationPlatforms) = preSolution
		Debug|Any CPU = Debug|Any CPU
		Release|Any CPU = Release|Any CPU
	EndGlobalSection
	GlobalSection(ProjectConfigurationPlatforms) = postSolution
		{E1BFE7FB-5B82-41D3-ACBD-F65C7E51D2B6}.Debug|Any CPU.ActiveCfg = Debug|Any CPU
		{E1BFE7FB-5B82-41D3-ACBD-F65C7E51D2B6}.Debug|Any CPU.Build.0 = Debug|Any CPU
		{E1BFE7FB-5B82-41D3-ACBD-F65C7E51D2B6}.Release|Any CPU.ActiveCfg = Release|Any CPU
		{E1BFE7FB-5B82-41D3-ACBD-F65C7E51D2B6}.Release|Any CPU.Build.0 = Release|Any CPU
	EndGlobalSection
	GlobalSection(SolutionProperties) = preSolution
		HideSolutionNode = FALSE
	EndGlobalSection
	GlobalSection(ExtensibilityGlobals) = postSolution
		SolutionGuid = {16B3C497-0BA0-4983-BD7E-38DB2CF3357D}
	EndGlobalSection
EndGlobal
